// !$*UTF8*$!
{
	archiveVersion = 1;
	classes = {
	};
	objectVersion = 46;
	objects = {

/* Begin PBXBuildFile section */
		C57FBE6B1BFB9D8200AF4A07 /* AppDelegate.swift in Sources */ = {isa = PBXBuildFile; fileRef = C57FBE6A1BFB9D8200AF4A07 /* AppDelegate.swift */; };
		C57FBE6D1BFB9D8200AF4A07 /* ViewController.swift in Sources */ = {isa = PBXBuildFile; fileRef = C57FBE6C1BFB9D8200AF4A07 /* ViewController.swift */; };
		C57FBE701BFB9D8200AF4A07 /* Main.storyboard in Resources */ = {isa = PBXBuildFile; fileRef = C57FBE6E1BFB9D8200AF4A07 /* Main.storyboard */; };
		C57FBE721BFB9D8200AF4A07 /* Assets.xcassets in Resources */ = {isa = PBXBuildFile; fileRef = C57FBE711BFB9D8200AF4A07 /* Assets.xcassets */; };
		C57FBE751BFB9D8200AF4A07 /* LaunchScreen.storyboard in Resources */ = {isa = PBXBuildFile; fileRef = C57FBE731BFB9D8200AF4A07 /* LaunchScreen.storyboard */; };
		C57FBE7D1BFB9F5C00AF4A07 /* Smiley.swift in Sources */ = {isa = PBXBuildFile; fileRef = C57FBE7C1BFB9F5C00AF4A07 /* Smiley.swift */; };
		C57FBE7F1BFB9F9600AF4A07 /* SmileyFace.swift in Sources */ = {isa = PBXBuildFile; fileRef = C57FBE7E1BFB9F9600AF4A07 /* SmileyFace.swift */; };
/* End PBXBuildFile section */

/* Begin PBXFileReference section */
		C57FBE671BFB9D8200AF4A07 /* Smiley.app */ = {isa = PBXFileReference; explicitFileType = wrapper.application; includeInIndex = 0; path = Smiley.app; sourceTree = BUILT_PRODUCTS_DIR; };
		C57FBE6A1BFB9D8200AF4A07 /* AppDelegate.swift */ = {isa = PBXFileReference; lastKnownFileType = sourcecode.swift; path = AppDelegate.swift; sourceTree = "<group>"; };
		C57FBE6C1BFB9D8200AF4A07 /* ViewController.swift */ = {isa = PBXFileReference; lastKnownFileType = sourcecode.swift; path = ViewController.swift; sourceTree = "<group>"; };
		C57FBE6F1BFB9D8200AF4A07 /* Base */ = {isa = PBXFileReference; lastKnownFileType = file.storyboard; name = Base; path = Base.lproj/Main.storyboard; sourceTree = "<group>"; };
		C57FBE711BFB9D8200AF4A07 /* Assets.xcassets */ = {isa = PBXFileReference; lastKnownFileType = folder.assetcatalog; path = Assets.xcassets; sourceTree = "<group>"; };
		C57FBE741BFB9D8200AF4A07 /* Base */ = {isa = PBXFileReference; lastKnownFileType = file.storyboard; name = Base; path = Base.lproj/LaunchScreen.storyboard; sourceTree = "<group>"; };
		C57FBE761BFB9D8200AF4A07 /* Info.plist */ = {isa = PBXFileReference; lastKnownFileType = text.plist.xml; path = Info.plist; sourceTree = "<group>"; };
		C57FBE7C1BFB9F5C00AF4A07 /* Smiley.swift */ = {isa = PBXFileReference; fileEncoding = 4; lastKnownFileType = sourcecode.swift; path = Smiley.swift; sourceTree = "<group>"; };
		C57FBE7E1BFB9F9600AF4A07 /* SmileyFace.swift */ = {isa = PBXFileReference; fileEncoding = 4; lastKnownFileType = sourcecode.swift; path = SmileyFace.swift; sourceTree = "<group>"; };
/* End PBXFileReference section */

/* Begin PBXFrameworksBuildPhase section */
		C57FBE641BFB9D8200AF4A07 /* Frameworks */ = {
			isa = PBXFrameworksBuildPhase;
			buildActionMask = 2147483647;
			files = (
			);
			runOnlyForDeploymentPostprocessing = 0;
		};
/* End PBXFrameworksBuildPhase section */

/* Begin PBXGroup section */
		C57FBE5E1BFB9D8200AF4A07 = {
			isa = PBXGroup;
			children = (
				C57FBE691BFB9D8200AF4A07 /* Smiley */,
				C57FBE681BFB9D8200AF4A07 /* Products */,
			);
			sourceTree = "<group>";
		};
		C57FBE681BFB9D8200AF4A07 /* Products */ = {
			isa = PBXGroup;
			children = (
				C57FBE671BFB9D8200AF4A07 /* Smiley.app */,
			);
			name = Products;
			sourceTree = "<group>";
		};
		C57FBE691BFB9D8200AF4A07 /* Smiley */ = {
			isa = PBXGroup;
			children = (
				C57FBE7C1BFB9F5C00AF4A07 /* Smiley.swift */,
				C57FBE6A1BFB9D8200AF4A07 /* AppDelegate.swift */,
				C57FBE6C1BFB9D8200AF4A07 /* ViewController.swift */,
				C57FBE6E1BFB9D8200AF4A07 /* Main.storyboard */,
				C57FBE711BFB9D8200AF4A07 /* Assets.xcassets */,
				C57FBE731BFB9D8200AF4A07 /* LaunchScreen.storyboard */,
				C57FBE761BFB9D8200AF4A07 /* Info.plist */,
				C57FBE7E1BFB9F9600AF4A07 /* SmileyFace.swift */,
			);
			path = Smiley;
			sourceTree = "<group>";
		};
/* End PBXGroup section */

/* Begin PBXNativeTarget section */
		C57FBE661BFB9D8200AF4A07 /* Smiley */ = {
			isa = PBXNativeTarget;
			buildConfigurationList = C57FBE791BFB9D8200AF4A07 /* Build configuration list for PBXNativeTarget "Smiley" */;
			buildPhases = (
				C57FBE631BFB9D8200AF4A07 /* Sources */,
				C57FBE641BFB9D8200AF4A07 /* Frameworks */,
				C57FBE651BFB9D8200AF4A07 /* Resources */,
			);
			buildRules = (
			);
			dependencies = (
			);
			name = Smiley;
			productName = Smiley;
			productReference = C57FBE671BFB9D8200AF4A07 /* Smiley.app */;
			productType = "com.apple.product-type.application";
		};
/* End PBXNativeTarget section */

/* Begin PBXProject section */
		C57FBE5F1BFB9D8200AF4A07 /* Project object */ = {
			isa = PBXProject;
			attributes = {
				LastSwiftUpdateCheck = 0710;
				LastUpgradeCheck = 0710;
				ORGANIZATIONNAME = "Brandon Jenniges";
				TargetAttributes = {
					C57FBE661BFB9D8200AF4A07 = {
						CreatedOnToolsVersion = 7.1.1;
					};
				};
			};
			buildConfigurationList = C57FBE621BFB9D8200AF4A07 /* Build configuration list for PBXProject "Smiley" */;
			compatibilityVersion = "Xcode 3.2";
			developmentRegion = English;
			hasScannedForEncodings = 0;
			knownRegions = (
				en,
				Base,
			);
			mainGroup = C57FBE5E1BFB9D8200AF4A07;
			productRefGroup = C57FBE681BFB9D8200AF4A07 /* Products */;
			projectDirPath = "";
			projectRoot = "";
			targets = (
				C57FBE661BFB9D8200AF4A07 /* Smiley */,
			);
		};
/* End PBXProject section */

/* Begin PBXResourcesBuildPhase section */
		C57FBE651BFB9D8200AF4A07 /* Resources */ = {
			isa = PBXResourcesBuildPhase;
			buildActionMask = 2147483647;
			files = (
				C57FBE751BFB9D8200AF4A07 /* LaunchScreen.storyboard in Resources */,
				C57FBE721BFB9D8200AF4A07 /* Assets.xcassets in Resources */,
				C57FBE701BFB9D8200AF4A07 /* Main.storyboard in Resources */,
			);
			runOnlyForDeploymentPostprocessing = 0;
		};
/* End PBXResourcesBuildPhase section */

/* Begin PBXSourcesBuildPhase section */
		C57FBE631BFB9D8200AF4A07 /* Sources */ = {
			isa = PBXSourcesBuildPhase;
			buildActionMask = 2147483647;
			files = (
				C57FBE6D1BFB9D8200AF4A07 /* ViewController.swift in Sources */,
				C57FBE7F1BFB9F9600AF4A07 /* SmileyFace.swift in Sources */,
				C57FBE7D1BFB9F5C00AF4A07 /* Smiley.swift in Sources */,
				C57FBE6B1BFB9D8200AF4A07 /* AppDelegate.swift in Sources */,
			);
			runOnlyForDeploymentPostprocessing = 0;
		};
/* End PBXSourcesBuildPhase section */

/* Begin PBXVariantGroup section */
		C57FBE6E1BFB9D8200AF4A07 /* Main.storyboard */ = {
			isa = PBXVariantGroup;
			children = (
				C57FBE6F1BFB9D8200AF4A07 /* Base */,
			);
			name = Main.storyboard;
			sourceTree = "<group>";
		};
		C57FBE731BFB9D8200AF4A07 /* LaunchScreen.storyboard */ = {
			isa = PBXVariantGroup;
			children = (
				C57FBE741BFB9D8200AF4A07 /* Base */,
			);
			name = LaunchScreen.storyboard;
			sourceTree = "<group>";
		};
/* End PBXVariantGroup section */

/* Begin XCBuildConfiguration section */
		C57FBE771BFB9D8200AF4A07 /* Debug */ = {
			isa = XCBuildConfiguration;
			buildSettings = {
				ALWAYS_SEARCH_USER_PATHS = NO;
				CLANG_CXX_LANGUAGE_STANDARD = "gnu++0x";
				CLANG_CXX_LIBRARY = "libc++";
				CLANG_ENABLE_MODULES = YES;
				CLANG_ENABLE_OBJC_ARC = YES;
				CLANG_WARN_BOOL_CONVERSION = YES;
				CLANG_WARN_CONSTANT_CONVERSION = YES;
				CLANG_WARN_DIRECT_OBJC_ISA_USAGE = YES_ERROR;
				CLANG_WARN_EMPTY_BODY = YES;
				CLANG_WARN_ENUM_CONVERSION = YES;
				CLANG_WARN_INT_CONVERSION = YES;
				CLANG_WARN_OBJC_ROOT_CLASS = YES_ERROR;
				CLANG_WARN_UNREACHABLE_CODE = YES;
				CLANG_WARN__DUPLICATE_METHOD_MATCH = YES;
				"CODE_SIGN_IDENTITY[sdk=iphoneos*]" = "iPhone Developer";
				COPY_PHASE_STRIP = NO;
				DEBUG_INFORMATION_FORMAT = dwarf;
				ENABLE_STRICT_OBJC_MSGSEND = YES;
				ENABLE_TESTABILITY = YES;
				GCC_C_LANGUAGE_STANDARD = gnu99;
				GCC_DYNAMIC_NO_PIC = NO;
				GCC_NO_COMMON_BLOCKS = YES;
				GCC_OPTIMIZATION_LEVEL = 0;
				GCC_PREPROCESSOR_DEFINITIONS = (
					"DEBUG=1",
					"$(inherited)",
				);
				GCC_WARN_64_TO_32_BIT_CONVERSION = YES;
				GCC_WARN_ABOUT_RETURN_TYPE = YES_ERROR;
				GCC_WARN_UNDECLARED_SELECTOR = YES;
				GCC_WARN_UNINITIALIZED_AUTOS = YES_AGGRESSIVE;
				GCC_WARN_UNUSED_FUNCTION = YES;
				GCC_WARN_UNUSED_VARIABLE = YES;
				IPHONEOS_DEPLOYMENT_TARGET = 9.1;
				MTL_ENABLE_DEBUG_INFO = YES;
				ONLY_ACTIVE_ARCH = YES;
				SDKROOT = iphoneos;
				SWIFT_OPTIMIZATION_LEVEL = "-Onone";
			};
			name = Debug;
		};
		C57FBE781BFB9D8200AF4A07 /* Release */ = {
			isa = XCBuildConfiguration;
			buildSettings = {
				ALWAYS_SEARCH_USER_PATHS = NO;
				CLANG_CXX_LANGUAGE_STANDARD = "gnu++0x";
				CLANG_CXX_LIBRARY = "libc++";
				CLANG_ENABLE_MODULES = YES;
				CLANG_ENABLE_OBJC_ARC = YES;
				CLANG_WARN_BOOL_CONVERSION = YES;
				CLANG_WARN_CONSTANT_CONVERSION = YES;
				CLANG_WARN_DIRECT_OBJC_ISA_USAGE = YES_ERROR;
				CLANG_WARN_EMPTY_BODY = YES;
				CLANG_WARN_ENUM_CONVERSION = YES;
				CLANG_WARN_INT_CONVERSION = YES;
				CLANG_WARN_OBJC_ROOT_CLASS = YES_ERROR;
				CLANG_WARN_UNREACHABLE_CODE = YES;
				CLANG_WARN__DUPLICATE_METHOD_MATCH = YES;
				"CODE_SIGN_IDENTITY[sdk=iphoneos*]" = "iPhone Developer";
				COPY_PHASE_STRIP = NO;
				DEBUG_INFORMATION_FORMAT = "dwarf-with-dsym";
				ENABLE_NS_ASSERTIONS = NO;
				ENABLE_STRICT_OBJC_MSGSEND = YES;
				GCC_C_LANGUAGE_STANDARD = gnu99;
				GCC_NO_COMMON_BLOCKS = YES;
				GCC_WARN_64_TO_32_BIT_CONVERSION = YES;
				GCC_WARN_ABOUT_RETURN_TYPE = YES_ERROR;
				GCC_WARN_UNDECLARED_SELECTOR = YES;
				GCC_WARN_UNINITIALIZED_AUTOS = YES_AGGRESSIVE;
				GCC_WARN_UNUSED_FUNCTION = YES;
				GCC_WARN_UNUSED_VARIABLE = YES;
				IPHONEOS_DEPLOYMENT_TARGET = 9.1;
				MTL_ENABLE_DEBUG_INFO = NO;
				SDKROOT = iphoneos;
				VALIDATE_PRODUCT = YES;
			};
			name = Release;
		};
		C57FBE7A1BFB9D8200AF4A07 /* Debug */ = {
			isa = XCBuildConfiguration;
			buildSettings = {
				ASSETCATALOG_COMPILER_APPICON_NAME = AppIcon;
				INFOPLIST_FILE = Smiley/Info.plist;
				LD_RUNPATH_SEARCH_PATHS = "$(inherited) @executable_path/Frameworks";
				PRODUCT_BUNDLE_IDENTIFIER = com.brandonjenniges.Smiley;
				PRODUCT_NAME = "$(TARGET_NAME)";
			};
			name = Debug;
		};
		C57FBE7B1BFB9D8200AF4A07 /* Release */ = {
			isa = XCBuildConfiguration;
			buildSettings = {
				ASSETCATALOG_COMPILER_APPICON_NAME = AppIcon;
				INFOPLIST_FILE = Smiley/Info.plist;
				LD_RUNPATH_SEARCH_PATHS = "$(inherited) @executable_path/Frameworks";
				PRODUCT_BUNDLE_IDENTIFIER = com.brandonjenniges.Smiley;
				PRODUCT_NAME = "$(TARGET_NAME)";
			};
			name = Release;
		};
/* End XCBuildConfiguration section */

/* Begin XCConfigurationList section */
		C57FBE621BFB9D8200AF4A07 /* Build configuration list for PBXProject "Smiley" */ = {
			isa = XCConfigurationList;
			buildConfigurations = (
				C57FBE771BFB9D8200AF4A07 /* Debug */,
				C57FBE781BFB9D8200AF4A07 /* Release */,
			);
			defaultConfigurationIsVisible = 0;
			defaultConfigurationName = Release;
		};
		C57FBE791BFB9D8200AF4A07 /* Build configuration list for PBXNativeTarget "Smiley" */ = {
			isa = XCConfigurationList;
			buildConfigurations = (
				C57FBE7A1BFB9D8200AF4A07 /* Debug */,
				C57FBE7B1BFB9D8200AF4A07 /* Release */,
			);
			defaultConfigurationIsVisible = 0;
			defaultConfigurationName = Release;
		};
/* End XCConfigurationList section */
	};
	rootObject = C57FBE5F1BFB9D8200AF4A07 /* Project object */;
}
